// !$*UTF8*$!
{
	archiveVersion = 1;
	classes = {
	};
	objectVersion = 46;
	objects = {

/* Begin PBXBuildFile section */
		3B3C905015AE00E900976B55 /* AppDelegate.m in Sources */ = {isa = PBXBuildFile; fileRef = 3B3C904D15AE00E900976B55 /* AppDelegate.m */; };
		3B3C905115AE00E900976B55 /* ViewController.m in Sources */ = {isa = PBXBuildFile; fileRef = 3B3C904F15AE00E900976B55 /* ViewController.m */; };
		3B3C905815AE04A900976B55 /* main.m in Sources */ = {isa = PBXBuildFile; fileRef = 3B3C905715AE04A900976B55 /* main.m */; };
		3B3C908615AE0BE200976B55 /* EAGLView.m in Sources */ = {isa = PBXBuildFile; fileRef = 3B3C908515AE0BE200976B55 /* EAGLView.m */; };
		3B713CB415A9F71200A63662 /* UIKit.framework in Frameworks */ = {isa = PBXBuildFile; fileRef = 3B713CB315A9F71200A63662 /* UIKit.framework */; };
		3B713CB615A9F71200A63662 /* Foundation.framework in Frameworks */ = {isa = PBXBuildFile; fileRef = 3B713CB515A9F71200A63662 /* Foundation.framework */; };
		3B713CB815A9F71200A63662 /* CoreGraphics.framework in Frameworks */ = {isa = PBXBuildFile; fileRef = 3B713CB715A9F71200A63662 /* CoreGraphics.framework */; };
		3B713CBE15A9F71200A63662 /* InfoPlist.strings in Resources */ = {isa = PBXBuildFile; fileRef = 3B713CBC15A9F71200A63662 /* InfoPlist.strings */; };
		3B713CF315A9F79600A63662 /* binfile.cpp in Sources */ = {isa = PBXBuildFile; fileRef = 3B713CDA15A9F79600A63662 /* binfile.cpp */; };
		3B713CF415A9F79600A63662 /* binio.cpp in Sources */ = {isa = PBXBuildFile; fileRef = 3B713CDC15A9F79600A63662 /* binio.cpp */; };
		3B713CF515A9F79600A63662 /* dosbox_opl.cpp in Sources */ = {isa = PBXBuildFile; fileRef = 3B713CDF15A9F79600A63662 /* dosbox_opl.cpp */; };
		3B713CF615A9F79600A63662 /* emuopl.cpp in Sources */ = {isa = PBXBuildFile; fileRef = 3B713CE115A9F79600A63662 /* emuopl.cpp */; };
		3B713CF715A9F79600A63662 /* fmopl.c in Sources */ = {isa = PBXBuildFile; fileRef = 3B713CE315A9F79600A63662 /* fmopl.c */; };
		3B713CF815A9F79600A63662 /* fprovide.cpp in Sources */ = {isa = PBXBuildFile; fileRef = 3B713CE515A9F79600A63662 /* fprovide.cpp */; };
		3B713CF915A9F79600A63662 /* AUTHORS in Resources */ = {isa = PBXBuildFile; fileRef = 3B713CE815A9F79600A63662 /* AUTHORS */; };
		3B713CFA15A9F79600A63662 /* COPYING in Resources */ = {isa = PBXBuildFile; fileRef = 3B713CE915A9F79600A63662 /* COPYING */; };
		3B713CFB15A9F79600A63662 /* NOTES in Resources */ = {isa = PBXBuildFile; fileRef = 3B713CEA15A9F79600A63662 /* NOTES */; };
		3B713CFC15A9F79600A63662 /* README in Resources */ = {isa = PBXBuildFile; fileRef = 3B713CEB15A9F79600A63662 /* README */; };
		3B713CFD15A9F79600A63662 /* player.cpp in Sources */ = {isa = PBXBuildFile; fileRef = 3B713CED15A9F79600A63662 /* player.cpp */; };
		3B713CFE15A9F79600A63662 /* rix.cpp in Sources */ = {isa = PBXBuildFile; fileRef = 3B713CEF15A9F79600A63662 /* rix.cpp */; };
		3B713CFF15A9F79600A63662 /* surroundopl.cpp in Sources */ = {isa = PBXBuildFile; fileRef = 3B713CF115A9F79600A63662 /* surroundopl.cpp */; };
		3B713D5915A9F7D900A63662 /* battle.c in Sources */ = {isa = PBXBuildFile; fileRef = 3B713D0115A9F7D900A63662 /* battle.c */; };
		3B713D5A15A9F7D900A63662 /* ending.c in Sources */ = {isa = PBXBuildFile; fileRef = 3B713D0415A9F7D900A63662 /* ending.c */; };
		3B713D5B15A9F7D900A63662 /* fight.c in Sources */ = {isa = PBXBuildFile; fileRef = 3B713D0615A9F7D900A63662 /* fight.c */; };
		3B713D5C15A9F7D900A63662 /* font.c in Sources */ = {isa = PBXBuildFile; fileRef = 3B713D0815A9F7D900A63662 /* font.c */; };
		3B713D5D15A9F7D900A63662 /* game.c in Sources */ = {isa = PBXBuildFile; fileRef = 3B713D0A15A9F7D900A63662 /* game.c */; };
		3B713D5E15A9F7D900A63662 /* getopt.c in Sources */ = {isa = PBXBuildFile; fileRef = 3B713D0C15A9F7D900A63662 /* getopt.c */; };
		3B713D5F15A9F7D900A63662 /* global.c in Sources */ = {isa = PBXBuildFile; fileRef = 3B713D0E15A9F7D900A63662 /* global.c */; };
		3B713D6015A9F7D900A63662 /* input.c in Sources */ = {isa = PBXBuildFile; fileRef = 3B713D1015A9F7D900A63662 /* input.c */; };
		3B713D6115A9F7D900A63662 /* itemmenu.c in Sources */ = {isa = PBXBuildFile; fileRef = 3B713D1215A9F7D900A63662 /* itemmenu.c */; };
		3B713D6215A9F7D900A63662 /* bit.c in Sources */ = {isa = PBXBuildFile; fileRef = 3B713D1515A9F7D900A63662 /* bit.c */; };
		3B713D6315A9F7D900A63662 /* D.dat in Resources */ = {isa = PBXBuildFile; fileRef = 3B713D1715A9F7D900A63662 /* D.dat */; };
		3B713D6415A9F7D900A63662 /* decoder.c in Sources */ = {isa = PBXBuildFile; fileRef = 3B713D1815A9F7D900A63662 /* decoder.c */; };
		3B713D6515A9F7D900A63662 /* fixed.c in Sources */ = {isa = PBXBuildFile; fileRef = 3B713D1A15A9F7D900A63662 /* fixed.c */; };
		3B713D6615A9F7D900A63662 /* frame.c in Sources */ = {isa = PBXBuildFile; fileRef = 3B713D1C15A9F7D900A63662 /* frame.c */; };
		3B713D6715A9F7D900A63662 /* huffman.c in Sources */ = {isa = PBXBuildFile; fileRef = 3B713D1E15A9F7D900A63662 /* huffman.c */; };
		3B713D6815A9F7D900A63662 /* imdct_s.dat in Resources */ = {isa = PBXBuildFile; fileRef = 3B713D2015A9F7D900A63662 /* imdct_s.dat */; };
		3B713D6915A9F7D900A63662 /* layer12.c in Sources */ = {isa = PBXBuildFile; fileRef = 3B713D2115A9F7D900A63662 /* layer12.c */; };
		3B713D6A15A9F7D900A63662 /* layer3.c in Sources */ = {isa = PBXBuildFile; fileRef = 3B713D2315A9F7D900A63662 /* layer3.c */; };
		3B713D6B15A9F7D900A63662 /* music_mad.c in Sources */ = {isa = PBXBuildFile; fileRef = 3B713D2815A9F7D900A63662 /* music_mad.c */; };
		3B713D6C15A9F7D900A63662 /* qc_table.dat in Resources */ = {isa = PBXBuildFile; fileRef = 3B713D2A15A9F7D900A63662 /* qc_table.dat */; };
		3B713D6D15A9F7D900A63662 /* rq_table.dat in Resources */ = {isa = PBXBuildFile; fileRef = 3B713D2B15A9F7D900A63662 /* rq_table.dat */; };
		3B713D6E15A9F7D900A63662 /* sf_table.dat in Resources */ = {isa = PBXBuildFile; fileRef = 3B713D2C15A9F7D900A63662 /* sf_table.dat */; };
		3B713D6F15A9F7D900A63662 /* stream.c in Sources */ = {isa = PBXBuildFile; fileRef = 3B713D2D15A9F7D900A63662 /* stream.c */; };
		3B713D7015A9F7D900A63662 /* synth.c in Sources */ = {isa = PBXBuildFile; fileRef = 3B713D2F15A9F7D900A63662 /* synth.c */; };
		3B713D7115A9F7D900A63662 /* timer.c in Sources */ = {isa = PBXBuildFile; fileRef = 3B713D3115A9F7D900A63662 /* timer.c */; };
		3B713D7215A9F7D900A63662 /* magicmenu.c in Sources */ = {isa = PBXBuildFile; fileRef = 3B713D3315A9F7D900A63662 /* magicmenu.c */; };
		3B713D7315A9F7D900A63662 /* main.c in Sources */ = {isa = PBXBuildFile; fileRef = 3B713D3515A9F7D900A63662 /* main.c */; };
		3B713D7415A9F7D900A63662 /* map.c in Sources */ = {isa = PBXBuildFile; fileRef = 3B713D3715A9F7D900A63662 /* map.c */; };
		3B713D7515A9F7D900A63662 /* palcommon.c in Sources */ = {isa = PBXBuildFile; fileRef = 3B713D3915A9F7D900A63662 /* palcommon.c */; };
		3B713D7615A9F7D900A63662 /* palette.c in Sources */ = {isa = PBXBuildFile; fileRef = 3B713D3B15A9F7D900A63662 /* palette.c */; };
		3B713D7715A9F7D900A63662 /* play.c in Sources */ = {isa = PBXBuildFile; fileRef = 3B713D3D15A9F7D900A63662 /* play.c */; };
		3B713D7815A9F7D900A63662 /* private.c in Sources */ = {isa = PBXBuildFile; fileRef = 3B713D3F15A9F7D900A63662 /* private.c */; };
		3B713D7915A9F7D900A63662 /* res.c in Sources */ = {isa = PBXBuildFile; fileRef = 3B713D4015A9F7D900A63662 /* res.c */; };
		3B713D7A15A9F7D900A63662 /* rixplay.cpp in Sources */ = {isa = PBXBuildFile; fileRef = 3B713D4215A9F7D900A63662 /* rixplay.cpp */; };
		3B713D7B15A9F7D900A63662 /* rngplay.c in Sources */ = {isa = PBXBuildFile; fileRef = 3B713D4415A9F7D900A63662 /* rngplay.c */; };
		3B713D7C15A9F7D900A63662 /* scene.c in Sources */ = {isa = PBXBuildFile; fileRef = 3B713D4615A9F7D900A63662 /* scene.c */; };
		3B713D7D15A9F7D900A63662 /* script.c in Sources */ = {isa = PBXBuildFile; fileRef = 3B713D4815A9F7D900A63662 /* script.c */; };
		3B713D7E15A9F7D900A63662 /* sound.c in Sources */ = {isa = PBXBuildFile; fileRef = 3B713D4A15A9F7D900A63662 /* sound.c */; };
		3B713D7F15A9F7D900A63662 /* text.c in Sources */ = {isa = PBXBuildFile; fileRef = 3B713D4C15A9F7D900A63662 /* text.c */; };
		3B713D8015A9F7D900A63662 /* ui.c in Sources */ = {isa = PBXBuildFile; fileRef = 3B713D4E15A9F7D900A63662 /* ui.c */; };
		3B713D8115A9F7D900A63662 /* uibattle.c in Sources */ = {isa = PBXBuildFile; fileRef = 3B713D5015A9F7D900A63662 /* uibattle.c */; };
		3B713D8215A9F7D900A63662 /* uigame.c in Sources */ = {isa = PBXBuildFile; fileRef = 3B713D5215A9F7D900A63662 /* uigame.c */; };
		3B713D8315A9F7D900A63662 /* util.c in Sources */ = {isa = PBXBuildFile; fileRef = 3B713D5415A9F7D900A63662 /* util.c */; };
		3B713D8415A9F7D900A63662 /* video.c in Sources */ = {isa = PBXBuildFile; fileRef = 3B713D5615A9F7D900A63662 /* video.c */; };
		3B713D8515A9F7D900A63662 /* yj1.c in Sources */ = {isa = PBXBuildFile; fileRef = 3B713D5815A9F7D900A63662 /* yj1.c */; };
		3B713D9615A9F81900A63662 /* libSDL.a in Frameworks */ = {isa = PBXBuildFile; fileRef = 3B713D9115A9F80700A63662 /* libSDL.a */; };
		3B713D9815A9F82500A63662 /* OpenGLES.framework in Frameworks */ = {isa = PBXBuildFile; fileRef = 3B713D9715A9F82500A63662 /* OpenGLES.framework */; };
		3B713D9A15A9F89000A63662 /* CoreAudio.framework in Frameworks */ = {isa = PBXBuildFile; fileRef = 3B713D9915A9F89000A63662 /* CoreAudio.framework */; };
		3B713D9C15A9F89A00A63662 /* AudioToolbox.framework in Frameworks */ = {isa = PBXBuildFile; fileRef = 3B713D9B15A9F89A00A63662 /* AudioToolbox.framework */; };
		3B713D9E15A9F8A300A63662 /* QuartzCore.framework in Frameworks */ = {isa = PBXBuildFile; fileRef = 3B713D9D15A9F8A300A63662 /* QuartzCore.framework */; };
		3B713DBD15A9FA7200A63662 /* 0.RPG in Resources */ = {isa = PBXBuildFile; fileRef = 3B713DA015A9FA7200A63662 /* 0.RPG */; };
		3B713DBE15A9FA7200A63662 /* 1.RPG in Resources */ = {isa = PBXBuildFile; fileRef = 3B713DA115A9FA7200A63662 /* 1.RPG */; };
		3B713DBF15A9FA7200A63662 /* 2.RPG in Resources */ = {isa = PBXBuildFile; fileRef = 3B713DA215A9FA7200A63662 /* 2.RPG */; };
		3B713DC015A9FA7200A63662 /* 3.rpg in Resources */ = {isa = PBXBuildFile; fileRef = 3B713DA315A9FA7200A63662 /* 3.rpg */; };
		3B713DC115A9FA7200A63662 /* 4.rpg in Resources */ = {isa = PBXBuildFile; fileRef = 3B713DA415A9FA7200A63662 /* 4.rpg */; };
		3B713DC215A9FA7200A63662 /* 5.rpg in Resources */ = {isa = PBXBuildFile; fileRef = 3B713DA515A9FA7200A63662 /* 5.rpg */; };
		3B713DC315A9FA7200A63662 /* ABC.MKF in Resources */ = {isa = PBXBuildFile; fileRef = 3B713DA615A9FA7200A63662 /* ABC.MKF */; };
		3B713DC415A9FA7200A63662 /* BALL.MKF in Resources */ = {isa = PBXBuildFile; fileRef = 3B713DA715A9FA7200A63662 /* BALL.MKF */; };
		3B713DC515A9FA7200A63662 /* DATA.MKF in Resources */ = {isa = PBXBuildFile; fileRef = 3B713DA815A9FA7200A63662 /* DATA.MKF */; };
		3B713DC615A9FA7200A63662 /* DownloadFinished.flag in Resources */ = {isa = PBXBuildFile; fileRef = 3B713DA915A9FA7200A63662 /* DownloadFinished.flag */; };
		3B713DC715A9FA7200A63662 /* F.MKF in Resources */ = {isa = PBXBuildFile; fileRef = 3B713DAA15A9FA7200A63662 /* F.MKF */; };
		3B713DC815A9FA7200A63662 /* FANTI.FON in Resources */ = {isa = PBXBuildFile; fileRef = 3B713DAB15A9FA7200A63662 /* FANTI.FON */; };
		3B713DC915A9FA7200A63662 /* FBP.MKF in Resources */ = {isa = PBXBuildFile; fileRef = 3B713DAC15A9FA7200A63662 /* FBP.MKF */; };
		3B713DCA15A9FA7200A63662 /* FIRE.MKF in Resources */ = {isa = PBXBuildFile; fileRef = 3B713DAD15A9FA7200A63662 /* FIRE.MKF */; };
		3B713DCB15A9FA7200A63662 /* GOP.MKF in Resources */ = {isa = PBXBuildFile; fileRef = 3B713DAE15A9FA7200A63662 /* GOP.MKF */; };
		3B713DCC15A9FA7200A63662 /* M.MSG in Resources */ = {isa = PBXBuildFile; fileRef = 3B713DAF15A9FA7200A63662 /* M.MSG */; };
		3B713DCD15A9FA7200A63662 /* MAP.MKF in Resources */ = {isa = PBXBuildFile; fileRef = 3B713DB015A9FA7200A63662 /* MAP.MKF */; };
		3B713DCE15A9FA7200A63662 /* MGO.MKF in Resources */ = {isa = PBXBuildFile; fileRef = 3B713DB115A9FA7200A63662 /* MGO.MKF */; };
		3B713DCF15A9FA7200A63662 /* MIDI.MKF in Resources */ = {isa = PBXBuildFile; fileRef = 3B713DB215A9FA7200A63662 /* MIDI.MKF */; };
		3B713DD015A9FA7200A63662 /* MUS.MKF in Resources */ = {isa = PBXBuildFile; fileRef = 3B713DB315A9FA7200A63662 /* MUS.MKF */; };
		3B713DD115A9FA7200A63662 /* PAL.JS3 in Resources */ = {isa = PBXBuildFile; fileRef = 3B713DB415A9FA7200A63662 /* PAL.JS3 */; };
		3B713DD215A9FA7200A63662 /* PAT.MKF in Resources */ = {isa = PBXBuildFile; fileRef = 3B713DB515A9FA7200A63662 /* PAT.MKF */; };
		3B713DD315A9FA7200A63662 /* RGM.MKF in Resources */ = {isa = PBXBuildFile; fileRef = 3B713DB615A9FA7200A63662 /* RGM.MKF */; };
		3B713DD415A9FA7200A63662 /* RNG.MKF in Resources */ = {isa = PBXBuildFile; fileRef = 3B713DB715A9FA7200A63662 /* RNG.MKF */; };
		3B713DD515A9FA7200A63662 /* SSS.MKF in Resources */ = {isa = PBXBuildFile; fileRef = 3B713DB815A9FA7200A63662 /* SSS.MKF */; };
		3B713DD615A9FA7200A63662 /* VOC.MKF in Resources */ = {isa = PBXBuildFile; fileRef = 3B713DB915A9FA7200A63662 /* VOC.MKF */; };
		3B713DD715A9FA7200A63662 /* WOR16.ASC in Resources */ = {isa = PBXBuildFile; fileRef = 3B713DBA15A9FA7200A63662 /* WOR16.ASC */; };
		3B713DD815A9FA7200A63662 /* WOR16.FON in Resources */ = {isa = PBXBuildFile; fileRef = 3B713DBB15A9FA7200A63662 /* WOR16.FON */; };
		3B713DD915A9FA7200A63662 /* WORD.DAT in Resources */ = {isa = PBXBuildFile; fileRef = 3B713DBC15A9FA7200A63662 /* WORD.DAT */; };
/* End PBXBuildFile section */

/* Begin PBXContainerItemProxy section */
		3B713D9015A9F80700A63662 /* PBXContainerItemProxy */ = {
			isa = PBXContainerItemProxy;
			containerPortal = 3B713D8615A9F80700A63662 /* SDL.xcodeproj */;
			proxyType = 2;
			remoteGlobalIDString = FD6526630DE8FCCB002AD96B;
			remoteInfo = libSDL;
		};
		3B713D9215A9F80700A63662 /* PBXContainerItemProxy */ = {
			isa = PBXContainerItemProxy;
			containerPortal = 3B713D8615A9F80700A63662 /* SDL.xcodeproj */;
			proxyType = 2;
			remoteGlobalIDString = 006E982211955059001DE610;
			remoteInfo = testsdl;
		};
		3B713D9415A9F81500A63662 /* PBXContainerItemProxy */ = {
			isa = PBXContainerItemProxy;
			containerPortal = 3B713D8615A9F80700A63662 /* SDL.xcodeproj */;
			proxyType = 1;
			remoteGlobalIDString = FD6526620DE8FCCB002AD96B;
			remoteInfo = libSDL;
		};
/* End PBXContainerItemProxy section */

/* Begin PBXFileReference section */
		3B3C904C15AE00E900976B55 /* AppDelegate.h */ = {isa = PBXFileReference; fileEncoding = 4; lastKnownFileType = sourcecode.c.h; path = AppDelegate.h; sourceTree = "<group>"; };
		3B3C904D15AE00E900976B55 /* AppDelegate.m */ = {isa = PBXFileReference; fileEncoding = 4; lastKnownFileType = sourcecode.c.objc; path = AppDelegate.m; sourceTree = "<group>"; };
		3B3C904E15AE00E900976B55 /* ViewController.h */ = {isa = PBXFileReference; fileEncoding = 4; lastKnownFileType = sourcecode.c.h; path = ViewController.h; sourceTree = "<group>"; };
		3B3C904F15AE00E900976B55 /* ViewController.m */ = {isa = PBXFileReference; fileEncoding = 4; lastKnownFileType = sourcecode.c.objc; path = ViewController.m; sourceTree = "<group>"; };
		3B3C905715AE04A900976B55 /* main.m */ = {isa = PBXFileReference; fileEncoding = 4; lastKnownFileType = sourcecode.c.objc; path = main.m; sourceTree = "<group>"; };
		3B3C908415AE0BE200976B55 /* EAGLView.h */ = {isa = PBXFileReference; fileEncoding = 4; lastKnownFileType = sourcecode.c.h; path = EAGLView.h; sourceTree = "<group>"; };
		3B3C908515AE0BE200976B55 /* EAGLView.m */ = {isa = PBXFileReference; fileEncoding = 4; lastKnownFileType = sourcecode.c.objc; path = EAGLView.m; sourceTree = "<group>"; };
		3B713CAF15A9F71200A63662 /* Pal_iOS.app */ = {isa = PBXFileReference; explicitFileType = wrapper.application; includeInIndex = 0; path = Pal_iOS.app; sourceTree = BUILT_PRODUCTS_DIR; };
		3B713CB315A9F71200A63662 /* UIKit.framework */ = {isa = PBXFileReference; lastKnownFileType = wrapper.framework; name = UIKit.framework; path = System/Library/Frameworks/UIKit.framework; sourceTree = SDKROOT; };
		3B713CB515A9F71200A63662 /* Foundation.framework */ = {isa = PBXFileReference; lastKnownFileType = wrapper.framework; name = Foundation.framework; path = System/Library/Frameworks/Foundation.framework; sourceTree = SDKROOT; };
		3B713CB715A9F71200A63662 /* CoreGraphics.framework */ = {isa = PBXFileReference; lastKnownFileType = wrapper.framework; name = CoreGraphics.framework; path = System/Library/Frameworks/CoreGraphics.framework; sourceTree = SDKROOT; };
		3B713CBB15A9F71200A63662 /* Pal_iOS-Info.plist */ = {isa = PBXFileReference; lastKnownFileType = text.plist.xml; path = "Pal_iOS-Info.plist"; sourceTree = "<group>"; };
		3B713CBD15A9F71200A63662 /* en */ = {isa = PBXFileReference; lastKnownFileType = text.plist.strings; name = en; path = en.lproj/InfoPlist.strings; sourceTree = "<group>"; };
		3B713CC115A9F71200A63662 /* Pal_iOS-Prefix.pch */ = {isa = PBXFileReference; lastKnownFileType = sourcecode.c.h; path = "Pal_iOS-Prefix.pch"; sourceTree = "<group>"; };
		3B713CDA15A9F79600A63662 /* binfile.cpp */ = {isa = PBXFileReference; fileEncoding = 4; lastKnownFileType = sourcecode.cpp.cpp; path = binfile.cpp; sourceTree = "<group>"; };
		3B713CDB15A9F79600A63662 /* binfile.h */ = {isa = PBXFileReference; fileEncoding = 4; lastKnownFileType = sourcecode.c.h; path = binfile.h; sourceTree = "<group>"; };
		3B713CDC15A9F79600A63662 /* binio.cpp */ = {isa = PBXFileReference; fileEncoding = 4; lastKnownFileType = sourcecode.cpp.cpp; path = binio.cpp; sourceTree = "<group>"; };
		3B713CDD15A9F79600A63662 /* binio.h */ = {isa = PBXFileReference; fileEncoding = 4; lastKnownFileType = sourcecode.c.h; path = binio.h; sourceTree = "<group>"; };
		3B713CDE15A9F79600A63662 /* demuopl.h */ = {isa = PBXFileReference; fileEncoding = 4; lastKnownFileType = sourcecode.c.h; path = demuopl.h; sourceTree = "<group>"; };
		3B713CDF15A9F79600A63662 /* dosbox_opl.cpp */ = {isa = PBXFileReference; fileEncoding = 4; lastKnownFileType = sourcecode.cpp.cpp; path = dosbox_opl.cpp; sourceTree = "<group>"; };
		3B713CE015A9F79600A63662 /* dosbox_opl.h */ = {isa = PBXFileReference; fileEncoding = 4; lastKnownFileType = sourcecode.c.h; path = dosbox_opl.h; sourceTree = "<group>"; };
		3B713CE115A9F79600A63662 /* emuopl.cpp */ = {isa = PBXFileReference; fileEncoding = 4; lastKnownFileType = sourcecode.cpp.cpp; path = emuopl.cpp; sourceTree = "<group>"; };
		3B713CE215A9F79600A63662 /* emuopl.h */ = {isa = PBXFileReference; fileEncoding = 4; lastKnownFileType = sourcecode.c.h; path = emuopl.h; sourceTree = "<group>"; };
		3B713CE315A9F79600A63662 /* fmopl.c */ = {isa = PBXFileReference; fileEncoding = 4; lastKnownFileType = sourcecode.c.c; path = fmopl.c; sourceTree = "<group>"; };
		3B713CE415A9F79600A63662 /* fmopl.h */ = {isa = PBXFileReference; fileEncoding = 4; lastKnownFileType = sourcecode.c.h; path = fmopl.h; sourceTree = "<group>"; };
		3B713CE515A9F79600A63662 /* fprovide.cpp */ = {isa = PBXFileReference; fileEncoding = 4; lastKnownFileType = sourcecode.cpp.cpp; path = fprovide.cpp; sourceTree = "<group>"; };
		3B713CE615A9F79600A63662 /* fprovide.h */ = {isa = PBXFileReference; fileEncoding = 4; lastKnownFileType = sourcecode.c.h; path = fprovide.h; sourceTree = "<group>"; };
		3B713CE815A9F79600A63662 /* AUTHORS */ = {isa = PBXFileReference; fileEncoding = 4; lastKnownFileType = text; path = AUTHORS; sourceTree = "<group>"; };
		3B713CE915A9F79600A63662 /* COPYING */ = {isa = PBXFileReference; fileEncoding = 4; lastKnownFileType = text; path = COPYING; sourceTree = "<group>"; };
		3B713CEA15A9F79600A63662 /* NOTES */ = {isa = PBXFileReference; fileEncoding = 4; lastKnownFileType = text; path = NOTES; sourceTree = "<group>"; };
		3B713CEB15A9F79600A63662 /* README */ = {isa = PBXFileReference; fileEncoding = 4; lastKnownFileType = text; path = README; sourceTree = "<group>"; };
		3B713CEC15A9F79600A63662 /* opl.h */ = {isa = PBXFileReference; fileEncoding = 4; lastKnownFileType = sourcecode.c.h; path = opl.h; sourceTree = "<group>"; };
		3B713CED15A9F79600A63662 /* player.cpp */ = {isa = PBXFileReference; fileEncoding = 4; lastKnownFileType = sourcecode.cpp.cpp; path = player.cpp; sourceTree = "<group>"; };
		3B713CEE15A9F79600A63662 /* player.h */ = {isa = PBXFileReference; fileEncoding = 4; lastKnownFileType = sourcecode.c.h; path = player.h; sourceTree = "<group>"; };
		3B713CEF15A9F79600A63662 /* rix.cpp */ = {isa = PBXFileReference; fileEncoding = 4; lastKnownFileType = sourcecode.cpp.cpp; path = rix.cpp; sourceTree = "<group>"; };
		3B713CF015A9F79600A63662 /* rix.h */ = {isa = PBXFileReference; fileEncoding = 4; lastKnownFileType = sourcecode.c.h; path = rix.h; sourceTree = "<group>"; };
		3B713CF115A9F79600A63662 /* surroundopl.cpp */ = {isa = PBXFileReference; fileEncoding = 4; lastKnownFileType = sourcecode.cpp.cpp; path = surroundopl.cpp; sourceTree = "<group>"; };
		3B713CF215A9F79600A63662 /* surroundopl.h */ = {isa = PBXFileReference; fileEncoding = 4; lastKnownFileType = sourcecode.c.h; path = surroundopl.h; sourceTree = "<group>"; };
		3B713D0015A9F7D900A63662 /* ascii.h */ = {isa = PBXFileReference; fileEncoding = 4; lastKnownFileType = sourcecode.c.h; name = ascii.h; path = ../../ascii.h; sourceTree = "<group>"; };
		3B713D0115A9F7D900A63662 /* battle.c */ = {isa = PBXFileReference; fileEncoding = 4; lastKnownFileType = sourcecode.c.c; name = battle.c; path = ../../battle.c; sourceTree = "<group>"; };
		3B713D0215A9F7D900A63662 /* battle.h */ = {isa = PBXFileReference; fileEncoding = 4; lastKnownFileType = sourcecode.c.h; name = battle.h; path = ../../battle.h; sourceTree = "<group>"; };
		3B713D0315A9F7D900A63662 /* common.h */ = {isa = PBXFileReference; fileEncoding = 4; lastKnownFileType = sourcecode.c.h; name = common.h; path = ../../common.h; sourceTree = "<group>"; };
		3B713D0415A9F7D900A63662 /* ending.c */ = {isa = PBXFileReference; fileEncoding = 4; lastKnownFileType = sourcecode.c.c; name = ending.c; path = ../../ending.c; sourceTree = "<group>"; };
		3B713D0515A9F7D900A63662 /* ending.h */ = {isa = PBXFileReference; fileEncoding = 4; lastKnownFileType = sourcecode.c.h; name = ending.h; path = ../../ending.h; sourceTree = "<group>"; };
		3B713D0615A9F7D900A63662 /* fight.c */ = {isa = PBXFileReference; fileEncoding = 4; lastKnownFileType = sourcecode.c.c; name = fight.c; path = ../../fight.c; sourceTree = "<group>"; };
		3B713D0715A9F7D900A63662 /* fight.h */ = {isa = PBXFileReference; fileEncoding = 4; lastKnownFileType = sourcecode.c.h; name = fight.h; path = ../../fight.h; sourceTree = "<group>"; };
		3B713D0815A9F7D900A63662 /* font.c */ = {isa = PBXFileReference; fileEncoding = 4; lastKnownFileType = sourcecode.c.c; name = font.c; path = ../../font.c; sourceTree = "<group>"; };
		3B713D0915A9F7D900A63662 /* font.h */ = {isa = PBXFileReference; fileEncoding = 4; lastKnownFileType = sourcecode.c.h; name = font.h; path = ../../font.h; sourceTree = "<group>"; };
		3B713D0A15A9F7D900A63662 /* game.c */ = {isa = PBXFileReference; fileEncoding = 4; lastKnownFileType = sourcecode.c.c; name = game.c; path = ../../game.c; sourceTree = "<group>"; };
		3B713D0B15A9F7D900A63662 /* game.h */ = {isa = PBXFileReference; fileEncoding = 4; lastKnownFileType = sourcecode.c.h; name = game.h; path = ../../game.h; sourceTree = "<group>"; };
		3B713D0C15A9F7D900A63662 /* getopt.c */ = {isa = PBXFileReference; fileEncoding = 4; lastKnownFileType = sourcecode.c.c; name = getopt.c; path = ../../getopt.c; sourceTree = "<group>"; };
		3B713D0D15A9F7D900A63662 /* getopt.h */ = {isa = PBXFileReference; fileEncoding = 4; lastKnownFileType = sourcecode.c.h; name = getopt.h; path = ../../getopt.h; sourceTree = "<group>"; };
		3B713D0E15A9F7D900A63662 /* global.c */ = {isa = PBXFileReference; fileEncoding = 4; lastKnownFileType = sourcecode.c.c; name = global.c; path = ../../global.c; sourceTree = "<group>"; };
		3B713D0F15A9F7D900A63662 /* global.h */ = {isa = PBXFileReference; fileEncoding = 4; lastKnownFileType = sourcecode.c.h; name = global.h; path = ../../global.h; sourceTree = "<group>"; };
		3B713D1015A9F7D900A63662 /* input.c */ = {isa = PBXFileReference; fileEncoding = 4; lastKnownFileType = sourcecode.c.c; name = input.c; path = ../../input.c; sourceTree = "<group>"; };
		3B713D1115A9F7D900A63662 /* input.h */ = {isa = PBXFileReference; fileEncoding = 4; lastKnownFileType = sourcecode.c.h; name = input.h; path = ../../input.h; sourceTree = "<group>"; };
		3B713D1215A9F7D900A63662 /* itemmenu.c */ = {isa = PBXFileReference; fileEncoding = 4; lastKnownFileType = sourcecode.c.c; name = itemmenu.c; path = ../../itemmenu.c; sourceTree = "<group>"; };
		3B713D1315A9F7D900A63662 /* itemmenu.h */ = {isa = PBXFileReference; fileEncoding = 4; lastKnownFileType = sourcecode.c.h; name = itemmenu.h; path = ../../itemmenu.h; sourceTree = "<group>"; };
		3B713D1515A9F7D900A63662 /* bit.c */ = {isa = PBXFileReference; fileEncoding = 4; lastKnownFileType = sourcecode.c.c; path = bit.c; sourceTree = "<group>"; };
		3B713D1615A9F7D900A63662 /* bit.h */ = {isa = PBXFileReference; fileEncoding = 4; lastKnownFileType = sourcecode.c.h; path = bit.h; sourceTree = "<group>"; };
		3B713D1715A9F7D900A63662 /* D.dat */ = {isa = PBXFileReference; fileEncoding = 4; lastKnownFileType = text; path = D.dat; sourceTree = "<group>"; };
		3B713D1815A9F7D900A63662 /* decoder.c */ = {isa = PBXFileReference; fileEncoding = 4; lastKnownFileType = sourcecode.c.c; path = decoder.c; sourceTree = "<group>"; };
		3B713D1915A9F7D900A63662 /* decoder.h */ = {isa = PBXFileReference; fileEncoding = 4; lastKnownFileType = sourcecode.c.h; path = decoder.h; sourceTree = "<group>"; };
		3B713D1A15A9F7D900A63662 /* fixed.c */ = {isa = PBXFileReference; fileEncoding = 4; lastKnownFileType = sourcecode.c.c; path = fixed.c; sourceTree = "<group>"; };
		3B713D1B15A9F7D900A63662 /* fixed.h */ = {isa = PBXFileReference; fileEncoding = 4; lastKnownFileType = sourcecode.c.h; path = fixed.h; sourceTree = "<group>"; };
		3B713D1C15A9F7D900A63662 /* frame.c */ = {isa = PBXFileReference; fileEncoding = 4; lastKnownFileType = sourcecode.c.c; path = frame.c; sourceTree = "<group>"; };
		3B713D1D15A9F7D900A63662 /* frame.h */ = {isa = PBXFileReference; fileEncoding = 4; lastKnownFileType = sourcecode.c.h; path = frame.h; sourceTree = "<group>"; };
		3B713D1E15A9F7D900A63662 /* huffman.c */ = {isa = PBXFileReference; fileEncoding = 4; lastKnownFileType = sourcecode.c.c; path = huffman.c; sourceTree = "<group>"; };
		3B713D1F15A9F7D900A63662 /* huffman.h */ = {isa = PBXFileReference; fileEncoding = 4; lastKnownFileType = sourcecode.c.h; path = huffman.h; sourceTree = "<group>"; };
		3B713D2015A9F7D900A63662 /* imdct_s.dat */ = {isa = PBXFileReference; fileEncoding = 4; lastKnownFileType = text; path = imdct_s.dat; sourceTree = "<group>"; };
		3B713D2115A9F7D900A63662 /* layer12.c */ = {isa = PBXFileReference; fileEncoding = 4; lastKnownFileType = sourcecode.c.c; path = layer12.c; sourceTree = "<group>"; };
		3B713D2215A9F7D900A63662 /* layer12.h */ = {isa = PBXFileReference; fileEncoding = 4; lastKnownFileType = sourcecode.c.h; path = layer12.h; sourceTree = "<group>"; };
		3B713D2315A9F7D900A63662 /* layer3.c */ = {isa = PBXFileReference; fileEncoding = 4; lastKnownFileType = sourcecode.c.c; path = layer3.c; sourceTree = "<group>"; };
		3B713D2415A9F7D900A63662 /* layer3.h */ = {isa = PBXFileReference; fileEncoding = 4; lastKnownFileType = sourcecode.c.h; path = layer3.h; sourceTree = "<group>"; };
		3B713D2515A9F7D900A63662 /* libmad_config.h */ = {isa = PBXFileReference; fileEncoding = 4; lastKnownFileType = sourcecode.c.h; path = libmad_config.h; sourceTree = "<group>"; };
		3B713D2615A9F7D900A63662 /* libmad_global.h */ = {isa = PBXFileReference; fileEncoding = 4; lastKnownFileType = sourcecode.c.h; path = libmad_global.h; sourceTree = "<group>"; };
		3B713D2715A9F7D900A63662 /* mad.h */ = {isa = PBXFileReference; fileEncoding = 4; lastKnownFileType = sourcecode.c.h; path = mad.h; sourceTree = "<group>"; };
		3B713D2815A9F7D900A63662 /* music_mad.c */ = {isa = PBXFileReference; fileEncoding = 4; lastKnownFileType = sourcecode.c.c; path = music_mad.c; sourceTree = "<group>"; };
		3B713D2915A9F7D900A63662 /* music_mad.h */ = {isa = PBXFileReference; fileEncoding = 4; lastKnownFileType = sourcecode.c.h; path = music_mad.h; sourceTree = "<group>"; };
		3B713D2A15A9F7D900A63662 /* qc_table.dat */ = {isa = PBXFileReference; fileEncoding = 4; lastKnownFileType = text; path = qc_table.dat; sourceTree = "<group>"; };
		3B713D2B15A9F7D900A63662 /* rq_table.dat */ = {isa = PBXFileReference; fileEncoding = 4; lastKnownFileType = text; path = rq_table.dat; sourceTree = "<group>"; };
		3B713D2C15A9F7D900A63662 /* sf_table.dat */ = {isa = PBXFileReference; fileEncoding = 4; lastKnownFileType = text; path = sf_table.dat; sourceTree = "<group>"; };
		3B713D2D15A9F7D900A63662 /* stream.c */ = {isa = PBXFileReference; fileEncoding = 4; lastKnownFileType = sourcecode.c.c; path = stream.c; sourceTree = "<group>"; };
		3B713D2E15A9F7D900A63662 /* stream.h */ = {isa = PBXFileReference; fileEncoding = 4; lastKnownFileType = sourcecode.c.h; path = stream.h; sourceTree = "<group>"; };
		3B713D2F15A9F7D900A63662 /* synth.c */ = {isa = PBXFileReference; fileEncoding = 4; lastKnownFileType = sourcecode.c.c; path = synth.c; sourceTree = "<group>"; };
		3B713D3015A9F7D900A63662 /* synth.h */ = {isa = PBXFileReference; fileEncoding = 4; lastKnownFileType = sourcecode.c.h; path = synth.h; sourceTree = "<group>"; };
		3B713D3115A9F7D900A63662 /* timer.c */ = {isa = PBXFileReference; fileEncoding = 4; lastKnownFileType = sourcecode.c.c; path = timer.c; sourceTree = "<group>"; };
		3B713D3215A9F7D900A63662 /* timer.h */ = {isa = PBXFileReference; fileEncoding = 4; lastKnownFileType = sourcecode.c.h; path = timer.h; sourceTree = "<group>"; };
		3B713D3315A9F7D900A63662 /* magicmenu.c */ = {isa = PBXFileReference; fileEncoding = 4; lastKnownFileType = sourcecode.c.c; name = magicmenu.c; path = ../../magicmenu.c; sourceTree = "<group>"; };
		3B713D3415A9F7D900A63662 /* magicmenu.h */ = {isa = PBXFileReference; fileEncoding = 4; lastKnownFileType = sourcecode.c.h; name = magicmenu.h; path = ../../magicmenu.h; sourceTree = "<group>"; };
		3B713D3515A9F7D900A63662 /* main.c */ = {isa = PBXFileReference; fileEncoding = 4; lastKnownFileType = sourcecode.c.c; name = main.c; path = ../../main.c; sourceTree = "<group>"; };
		3B713D3615A9F7D900A63662 /* main.h */ = {isa = PBXFileReference; fileEncoding = 4; lastKnownFileType = sourcecode.c.h; name = main.h; path = ../../main.h; sourceTree = "<group>"; };
		3B713D3715A9F7D900A63662 /* map.c */ = {isa = PBXFileReference; fileEncoding = 4; lastKnownFileType = sourcecode.c.c; name = map.c; path = ../../map.c; sourceTree = "<group>"; };
		3B713D3815A9F7D900A63662 /* map.h */ = {isa = PBXFileReference; fileEncoding = 4; lastKnownFileType = sourcecode.c.h; name = map.h; path = ../../map.h; sourceTree = "<group>"; };
		3B713D3915A9F7D900A63662 /* palcommon.c */ = {isa = PBXFileReference; fileEncoding = 4; lastKnownFileType = sourcecode.c.c; name = palcommon.c; path = ../../palcommon.c; sourceTree = "<group>"; };
		3B713D3A15A9F7D900A63662 /* palcommon.h */ = {isa = PBXFileReference; fileEncoding = 4; lastKnownFileType = sourcecode.c.h; name = palcommon.h; path = ../../palcommon.h; sourceTree = "<group>"; };
		3B713D3B15A9F7D900A63662 /* palette.c */ = {isa = PBXFileReference; fileEncoding = 4; lastKnownFileType = sourcecode.c.c; name = palette.c; path = ../../palette.c; sourceTree = "<group>"; };
		3B713D3C15A9F7D900A63662 /* palette.h */ = {isa = PBXFileReference; fileEncoding = 4; lastKnownFileType = sourcecode.c.h; name = palette.h; path = ../../palette.h; sourceTree = "<group>"; };
		3B713D3D15A9F7D900A63662 /* play.c */ = {isa = PBXFileReference; fileEncoding = 4; lastKnownFileType = sourcecode.c.c; name = play.c; path = ../../play.c; sourceTree = "<group>"; };
		3B713D3E15A9F7D900A63662 /* play.h */ = {isa = PBXFileReference; fileEncoding = 4; lastKnownFileType = sourcecode.c.h; name = play.h; path = ../../play.h; sourceTree = "<group>"; };
		3B713D3F15A9F7D900A63662 /* private.c */ = {isa = PBXFileReference; fileEncoding = 4; lastKnownFileType = sourcecode.c.c; name = private.c; path = ../../private.c; sourceTree = "<group>"; };
		3B713D4015A9F7D900A63662 /* res.c */ = {isa = PBXFileReference; fileEncoding = 4; lastKnownFileType = sourcecode.c.c; name = res.c; path = ../../res.c; sourceTree = "<group>"; };
		3B713D4115A9F7D900A63662 /* res.h */ = {isa = PBXFileReference; fileEncoding = 4; lastKnownFileType = sourcecode.c.h; name = res.h; path = ../../res.h; sourceTree = "<group>"; };
		3B713D4215A9F7D900A63662 /* rixplay.cpp */ = {isa = PBXFileReference; fileEncoding = 4; lastKnownFileType = sourcecode.cpp.cpp; name = rixplay.cpp; path = ../../rixplay.cpp; sourceTree = "<group>"; };
		3B713D4315A9F7D900A63662 /* rixplay.h */ = {isa = PBXFileReference; fileEncoding = 4; lastKnownFileType = sourcecode.c.h; name = rixplay.h; path = ../../rixplay.h; sourceTree = "<group>"; };
		3B713D4415A9F7D900A63662 /* rngplay.c */ = {isa = PBXFileReference; fileEncoding = 4; lastKnownFileType = sourcecode.c.c; name = rngplay.c; path = ../../rngplay.c; sourceTree = "<group>"; };
		3B713D4515A9F7D900A63662 /* rngplay.h */ = {isa = PBXFileReference; fileEncoding = 4; lastKnownFileType = sourcecode.c.h; name = rngplay.h; path = ../../rngplay.h; sourceTree = "<group>"; };
		3B713D4615A9F7D900A63662 /* scene.c */ = {isa = PBXFileReference; fileEncoding = 4; lastKnownFileType = sourcecode.c.c; name = scene.c; path = ../../scene.c; sourceTree = "<group>"; };
		3B713D4715A9F7D900A63662 /* scene.h */ = {isa = PBXFileReference; fileEncoding = 4; lastKnownFileType = sourcecode.c.h; name = scene.h; path = ../../scene.h; sourceTree = "<group>"; };
		3B713D4815A9F7D900A63662 /* script.c */ = {isa = PBXFileReference; fileEncoding = 4; lastKnownFileType = sourcecode.c.c; name = script.c; path = ../../script.c; sourceTree = "<group>"; };
		3B713D4915A9F7D900A63662 /* script.h */ = {isa = PBXFileReference; fileEncoding = 4; lastKnownFileType = sourcecode.c.h; name = script.h; path = ../../script.h; sourceTree = "<group>"; };
		3B713D4A15A9F7D900A63662 /* sound.c */ = {isa = PBXFileReference; fileEncoding = 4; lastKnownFileType = sourcecode.c.c; name = sound.c; path = ../../sound.c; sourceTree = "<group>"; };
		3B713D4B15A9F7D900A63662 /* sound.h */ = {isa = PBXFileReference; fileEncoding = 4; lastKnownFileType = sourcecode.c.h; name = sound.h; path = ../../sound.h; sourceTree = "<group>"; };
		3B713D4C15A9F7D900A63662 /* text.c */ = {isa = PBXFileReference; fileEncoding = 4; lastKnownFileType = sourcecode.c.c; name = text.c; path = ../../text.c; sourceTree = "<group>"; };
		3B713D4D15A9F7D900A63662 /* text.h */ = {isa = PBXFileReference; fileEncoding = 4; lastKnownFileType = sourcecode.c.h; name = text.h; path = ../../text.h; sourceTree = "<group>"; };
		3B713D4E15A9F7D900A63662 /* ui.c */ = {isa = PBXFileReference; fileEncoding = 4; lastKnownFileType = sourcecode.c.c; name = ui.c; path = ../../ui.c; sourceTree = "<group>"; };
		3B713D4F15A9F7D900A63662 /* ui.h */ = {isa = PBXFileReference; fileEncoding = 4; lastKnownFileType = sourcecode.c.h; name = ui.h; path = ../../ui.h; sourceTree = "<group>"; };
		3B713D5015A9F7D900A63662 /* uibattle.c */ = {isa = PBXFileReference; fileEncoding = 4; lastKnownFileType = sourcecode.c.c; name = uibattle.c; path = ../../uibattle.c; sourceTree = "<group>"; };
		3B713D5115A9F7D900A63662 /* uibattle.h */ = {isa = PBXFileReference; fileEncoding = 4; lastKnownFileType = sourcecode.c.h; name = uibattle.h; path = ../../uibattle.h; sourceTree = "<group>"; };
		3B713D5215A9F7D900A63662 /* uigame.c */ = {isa = PBXFileReference; fileEncoding = 4; lastKnownFileType = sourcecode.c.c; name = uigame.c; path = ../../uigame.c; sourceTree = "<group>"; };
		3B713D5315A9F7D900A63662 /* uigame.h */ = {isa = PBXFileReference; fileEncoding = 4; lastKnownFileType = sourcecode.c.h; name = uigame.h; path = ../../uigame.h; sourceTree = "<group>"; };
		3B713D5415A9F7D900A63662 /* util.c */ = {isa = PBXFileReference; fileEncoding = 2147486000; lastKnownFileType = sourcecode.c.c; name = util.c; path = ../../util.c; sourceTree = "<group>"; };
		3B713D5515A9F7D900A63662 /* util.h */ = {isa = PBXFileReference; fileEncoding = 4; lastKnownFileType = sourcecode.c.h; name = util.h; path = ../../util.h; sourceTree = "<group>"; };
		3B713D5615A9F7D900A63662 /* video.c */ = {isa = PBXFileReference; fileEncoding = 2147486000; lastKnownFileType = sourcecode.c.c; name = video.c; path = ../../video.c; sourceTree = "<group>"; };
		3B713D5715A9F7D900A63662 /* video.h */ = {isa = PBXFileReference; fileEncoding = 4; lastKnownFileType = sourcecode.c.h; name = video.h; path = ../../video.h; sourceTree = "<group>"; };
		3B713D5815A9F7D900A63662 /* yj1.c */ = {isa = PBXFileReference; fileEncoding = 4; lastKnownFileType = sourcecode.c.c; name = yj1.c; path = ../../yj1.c; sourceTree = "<group>"; };
		3B713D8615A9F80700A63662 /* SDL.xcodeproj */ = {isa = PBXFileReference; lastKnownFileType = "wrapper.pb-project"; name = SDL.xcodeproj; path = "../../sdl/Xcode-iOS/SDL/SDL.xcodeproj"; sourceTree = "<group>"; };
		3B713D9715A9F82500A63662 /* OpenGLES.framework */ = {isa = PBXFileReference; lastKnownFileType = wrapper.framework; name = OpenGLES.framework; path = System/Library/Frameworks/OpenGLES.framework; sourceTree = SDKROOT; };
		3B713D9915A9F89000A63662 /* CoreAudio.framework */ = {isa = PBXFileReference; lastKnownFileType = wrapper.framework; name = CoreAudio.framework; path = System/Library/Frameworks/CoreAudio.framework; sourceTree = SDKROOT; };
		3B713D9B15A9F89A00A63662 /* AudioToolbox.framework */ = {isa = PBXFileReference; lastKnownFileType = wrapper.framework; name = AudioToolbox.framework; path = System/Library/Frameworks/AudioToolbox.framework; sourceTree = SDKROOT; };
		3B713D9D15A9F8A300A63662 /* QuartzCore.framework */ = {isa = PBXFileReference; lastKnownFileType = wrapper.framework; name = QuartzCore.framework; path = System/Library/Frameworks/QuartzCore.framework; sourceTree = SDKROOT; };
		3B713DA015A9FA7200A63662 /* 0.RPG */ = {isa = PBXFileReference; lastKnownFileType = file; path = 0.RPG; sourceTree = "<group>"; };
		3B713DA115A9FA7200A63662 /* 1.RPG */ = {isa = PBXFileReference; lastKnownFileType = file; path = 1.RPG; sourceTree = "<group>"; };
		3B713DA215A9FA7200A63662 /* 2.RPG */ = {isa = PBXFileReference; lastKnownFileType = file; path = 2.RPG; sourceTree = "<group>"; };
		3B713DA315A9FA7200A63662 /* 3.rpg */ = {isa = PBXFileReference; lastKnownFileType = file; path = 3.rpg; sourceTree = "<group>"; };
		3B713DA415A9FA7200A63662 /* 4.rpg */ = {isa = PBXFileReference; lastKnownFileType = file; path = 4.rpg; sourceTree = "<group>"; };
		3B713DA515A9FA7200A63662 /* 5.rpg */ = {isa = PBXFileReference; lastKnownFileType = file; path = 5.rpg; sourceTree = "<group>"; };
		3B713DA615A9FA7200A63662 /* ABC.MKF */ = {isa = PBXFileReference; lastKnownFileType = file; path = ABC.MKF; sourceTree = "<group>"; };
		3B713DA715A9FA7200A63662 /* BALL.MKF */ = {isa = PBXFileReference; lastKnownFileType = file; path = BALL.MKF; sourceTree = "<group>"; };
		3B713DA815A9FA7200A63662 /* DATA.MKF */ = {isa = PBXFileReference; lastKnownFileType = file; path = DATA.MKF; sourceTree = "<group>"; };
		3B713DA915A9FA7200A63662 /* DownloadFinished.flag */ = {isa = PBXFileReference; lastKnownFileType = file; path = DownloadFinished.flag; sourceTree = "<group>"; };
		3B713DAA15A9FA7200A63662 /* F.MKF */ = {isa = PBXFileReference; lastKnownFileType = file; path = F.MKF; sourceTree = "<group>"; };
		3B713DAB15A9FA7200A63662 /* FANTI.FON */ = {isa = PBXFileReference; lastKnownFileType = file; path = FANTI.FON; sourceTree = "<group>"; };
		3B713DAC15A9FA7200A63662 /* FBP.MKF */ = {isa = PBXFileReference; lastKnownFileType = file; path = FBP.MKF; sourceTree = "<group>"; };
		3B713DAD15A9FA7200A63662 /* FIRE.MKF */ = {isa = PBXFileReference; lastKnownFileType = file; path = FIRE.MKF; sourceTree = "<group>"; };
		3B713DAE15A9FA7200A63662 /* GOP.MKF */ = {isa = PBXFileReference; lastKnownFileType = file; path = GOP.MKF; sourceTree = "<group>"; };
		3B713DAF15A9FA7200A63662 /* M.MSG */ = {isa = PBXFileReference; fileEncoding = 4; lastKnownFileType = text; path = M.MSG; sourceTree = "<group>"; };
		3B713DB015A9FA7200A63662 /* MAP.MKF */ = {isa = PBXFileReference; lastKnownFileType = file; path = MAP.MKF; sourceTree = "<group>"; };
		3B713DB115A9FA7200A63662 /* MGO.MKF */ = {isa = PBXFileReference; lastKnownFileType = file; path = MGO.MKF; sourceTree = "<group>"; };
		3B713DB215A9FA7200A63662 /* MIDI.MKF */ = {isa = PBXFileReference; lastKnownFileType = file; path = MIDI.MKF; sourceTree = "<group>"; };
		3B713DB315A9FA7200A63662 /* MUS.MKF */ = {isa = PBXFileReference; lastKnownFileType = file; path = MUS.MKF; sourceTree = "<group>"; };
		3B713DB415A9FA7200A63662 /* PAL.JS3 */ = {isa = PBXFileReference; lastKnownFileType = file; path = PAL.JS3; sourceTree = "<group>"; };
		3B713DB515A9FA7200A63662 /* PAT.MKF */ = {isa = PBXFileReference; lastKnownFileType = file; path = PAT.MKF; sourceTree = "<group>"; };
		3B713DB615A9FA7200A63662 /* RGM.MKF */ = {isa = PBXFileReference; lastKnownFileType = file; path = RGM.MKF; sourceTree = "<group>"; };
		3B713DB715A9FA7200A63662 /* RNG.MKF */ = {isa = PBXFileReference; lastKnownFileType = file; path = RNG.MKF; sourceTree = "<group>"; };
		3B713DB815A9FA7200A63662 /* SSS.MKF */ = {isa = PBXFileReference; lastKnownFileType = file; path = SSS.MKF; sourceTree = "<group>"; };
		3B713DB915A9FA7200A63662 /* VOC.MKF */ = {isa = PBXFileReference; lastKnownFileType = file; path = VOC.MKF; sourceTree = "<group>"; };
		3B713DBA15A9FA7200A63662 /* WOR16.ASC */ = {isa = PBXFileReference; fileEncoding = 4; lastKnownFileType = text; path = WOR16.ASC; sourceTree = "<group>"; };
		3B713DBB15A9FA7200A63662 /* WOR16.FON */ = {isa = PBXFileReference; lastKnownFileType = file; path = WOR16.FON; sourceTree = "<group>"; };
		3B713DBC15A9FA7200A63662 /* WORD.DAT */ = {isa = PBXFileReference; lastKnownFileType = file; path = WORD.DAT; sourceTree = "<group>"; };
/* End PBXFileReference section */

/* Begin PBXFrameworksBuildPhase section */
		3B713CAC15A9F71200A63662 /* Frameworks */ = {
			isa = PBXFrameworksBuildPhase;
			buildActionMask = 2147483647;
			files = (
				3B713D9E15A9F8A300A63662 /* QuartzCore.framework in Frameworks */,
				3B713D9C15A9F89A00A63662 /* AudioToolbox.framework in Frameworks */,
				3B713D9A15A9F89000A63662 /* CoreAudio.framework in Frameworks */,
				3B713D9815A9F82500A63662 /* OpenGLES.framework in Frameworks */,
				3B713D9615A9F81900A63662 /* libSDL.a in Frameworks */,
				3B713CB415A9F71200A63662 /* UIKit.framework in Frameworks */,
				3B713CB615A9F71200A63662 /* Foundation.framework in Frameworks */,
				3B713CB815A9F71200A63662 /* CoreGraphics.framework in Frameworks */,
			);
			runOnlyForDeploymentPostprocessing = 0;
		};
/* End PBXFrameworksBuildPhase section */

/* Begin PBXGroup section */
		3B3C904B15AE006C00976B55 /* Classes */ = {
			isa = PBXGroup;
			children = (
				3B3C904C15AE00E900976B55 /* AppDelegate.h */,
				3B3C904D15AE00E900976B55 /* AppDelegate.m */,
				3B3C904E15AE00E900976B55 /* ViewController.h */,
				3B3C904F15AE00E900976B55 /* ViewController.m */,
				3B3C905715AE04A900976B55 /* main.m */,
				3B3C908415AE0BE200976B55 /* EAGLView.h */,
				3B3C908515AE0BE200976B55 /* EAGLView.m */,
			);
			name = Classes;
			sourceTree = "<group>";
		};
		3B713CA415A9F71200A63662 = {
			isa = PBXGroup;
			children = (
				3B713D8615A9F80700A63662 /* SDL.xcodeproj */,
				3B713CB915A9F71200A63662 /* Pal_iOS */,
				3B713D9F15A9FA1700A63662 /* Resources */,
				3B713CB215A9F71200A63662 /* Frameworks */,
				3B713CB015A9F71200A63662 /* Products */,
			);
			sourceTree = "<group>";
		};
		3B713CB015A9F71200A63662 /* Products */ = {
			isa = PBXGroup;
			children = (
				3B713CAF15A9F71200A63662 /* Pal_iOS.app */,
			);
			name = Products;
			sourceTree = "<group>";
		};
		3B713CB215A9F71200A63662 /* Frameworks */ = {
			isa = PBXGroup;
			children = (
				3B713D9D15A9F8A300A63662 /* QuartzCore.framework */,
				3B713D9B15A9F89A00A63662 /* AudioToolbox.framework */,
				3B713D9915A9F89000A63662 /* CoreAudio.framework */,
				3B713D9715A9F82500A63662 /* OpenGLES.framework */,
				3B713CB315A9F71200A63662 /* UIKit.framework */,
				3B713CB515A9F71200A63662 /* Foundation.framework */,
				3B713CB715A9F71200A63662 /* CoreGraphics.framework */,
			);
			name = Frameworks;
			sourceTree = "<group>";
		};
		3B713CB915A9F71200A63662 /* Pal_iOS */ = {
			isa = PBXGroup;
			children = (
				3B3C904B15AE006C00976B55 /* Classes */,
				3B713CD915A9F79600A63662 /* adplug */,
				3B713D1415A9F7D900A63662 /* libmad */,
				3B713CD815A9F78200A63662 /* Src */,
				3B713CBA15A9F71200A63662 /* Supporting Files */,
			);
			path = Pal_iOS;
			sourceTree = "<group>";
		};
		3B713CBA15A9F71200A63662 /* Supporting Files */ = {
			isa = PBXGroup;
			children = (
				3B713CBB15A9F71200A63662 /* Pal_iOS-Info.plist */,
				3B713CBC15A9F71200A63662 /* InfoPlist.strings */,
				3B713CC115A9F71200A63662 /* Pal_iOS-Prefix.pch */,
			);
			name = "Supporting Files";
			sourceTree = "<group>";
		};
		3B713CD815A9F78200A63662 /* Src */ = {
			isa = PBXGroup;
			children = (
				3B713D0015A9F7D900A63662 /* ascii.h */,
				3B713D0115A9F7D900A63662 /* battle.c */,
				3B713D0715A9F7D900A63662 /* fight.h */,
				3B713D0215A9F7D900A63662 /* battle.h */,
				3B713D0315A9F7D900A63662 /* common.h */,
				3B713D0415A9F7D900A63662 /* ending.c */,
				3B713D0515A9F7D900A63662 /* ending.h */,
				3B713D0615A9F7D900A63662 /* fight.c */,
				3B713D0815A9F7D900A63662 /* font.c */,
				3B713D0915A9F7D900A63662 /* font.h */,
				3B713D0A15A9F7D900A63662 /* game.c */,
				3B713D0B15A9F7D900A63662 /* game.h */,
				3B713D0C15A9F7D900A63662 /* getopt.c */,
				3B713D0D15A9F7D900A63662 /* getopt.h */,
				3B713D0E15A9F7D900A63662 /* global.c */,
				3B713D0F15A9F7D900A63662 /* global.h */,
				3B713D1015A9F7D900A63662 /* input.c */,
				3B713D1115A9F7D900A63662 /* input.h */,
				3B713D1215A9F7D900A63662 /* itemmenu.c */,
				3B713D1315A9F7D900A63662 /* itemmenu.h */,
				3B713D3315A9F7D900A63662 /* magicmenu.c */,
				3B713D3415A9F7D900A63662 /* magicmenu.h */,
				3B713D3515A9F7D900A63662 /* main.c */,
				3B713D3615A9F7D900A63662 /* main.h */,
				3B713D3715A9F7D900A63662 /* map.c */,
				3B713D3815A9F7D900A63662 /* map.h */,
				3B713D3915A9F7D900A63662 /* palcommon.c */,
				3B713D3A15A9F7D900A63662 /* palcommon.h */,
				3B713D3B15A9F7D900A63662 /* palette.c */,
				3B713D3C15A9F7D900A63662 /* palette.h */,
				3B713D3D15A9F7D900A63662 /* play.c */,
				3B713D3E15A9F7D900A63662 /* play.h */,
				3B713D3F15A9F7D900A63662 /* private.c */,
				3B713D4015A9F7D900A63662 /* res.c */,
				3B713D4115A9F7D900A63662 /* res.h */,
				3B713D4215A9F7D900A63662 /* rixplay.cpp */,
				3B713D4315A9F7D900A63662 /* rixplay.h */,
				3B713D4415A9F7D900A63662 /* rngplay.c */,
				3B713D4515A9F7D900A63662 /* rngplay.h */,
				3B713D4615A9F7D900A63662 /* scene.c */,
				3B713D4715A9F7D900A63662 /* scene.h */,
				3B713D4815A9F7D900A63662 /* script.c */,
				3B713D4915A9F7D900A63662 /* script.h */,
				3B713D4A15A9F7D900A63662 /* sound.c */,
				3B713D4B15A9F7D900A63662 /* sound.h */,
				3B713D4C15A9F7D900A63662 /* text.c */,
				3B713D4D15A9F7D900A63662 /* text.h */,
				3B713D4E15A9F7D900A63662 /* ui.c */,
				3B713D4F15A9F7D900A63662 /* ui.h */,
				3B713D5015A9F7D900A63662 /* uibattle.c */,
				3B713D5115A9F7D900A63662 /* uibattle.h */,
				3B713D5215A9F7D900A63662 /* uigame.c */,
				3B713D5315A9F7D900A63662 /* uigame.h */,
				3B713D5415A9F7D900A63662 /* util.c */,
				3B713D5515A9F7D900A63662 /* util.h */,
				3B713D5615A9F7D900A63662 /* video.c */,
				3B713D5715A9F7D900A63662 /* video.h */,
				3B713D5815A9F7D900A63662 /* yj1.c */,
			);
			name = Src;
			sourceTree = "<group>";
		};
		3B713CD915A9F79600A63662 /* adplug */ = {
			isa = PBXGroup;
			children = (
				3B713CDA15A9F79600A63662 /* binfile.cpp */,
				3B713CDB15A9F79600A63662 /* binfile.h */,
				3B713CDC15A9F79600A63662 /* binio.cpp */,
				3B713CDD15A9F79600A63662 /* binio.h */,
				3B713CDE15A9F79600A63662 /* demuopl.h */,
				3B713CDF15A9F79600A63662 /* dosbox_opl.cpp */,
				3B713CE015A9F79600A63662 /* dosbox_opl.h */,
				3B713CE115A9F79600A63662 /* emuopl.cpp */,
				3B713CE215A9F79600A63662 /* emuopl.h */,
				3B713CE315A9F79600A63662 /* fmopl.c */,
				3B713CE415A9F79600A63662 /* fmopl.h */,
				3B713CE515A9F79600A63662 /* fprovide.cpp */,
				3B713CE615A9F79600A63662 /* fprovide.h */,
				3B713CE715A9F79600A63662 /* NOTES */,
				3B713CEC15A9F79600A63662 /* opl.h */,
				3B713CED15A9F79600A63662 /* player.cpp */,
				3B713CEE15A9F79600A63662 /* player.h */,
				3B713CEF15A9F79600A63662 /* rix.cpp */,
				3B713CF015A9F79600A63662 /* rix.h */,
				3B713CF115A9F79600A63662 /* surroundopl.cpp */,
				3B713CF215A9F79600A63662 /* surroundopl.h */,
			);
			name = adplug;
			path = ../../adplug;
			sourceTree = "<group>";
		};
		3B713CE715A9F79600A63662 /* NOTES */ = {
			isa = PBXGroup;
			children = (
				3B713CE815A9F79600A63662 /* AUTHORS */,
				3B713CE915A9F79600A63662 /* COPYING */,
				3B713CEA15A9F79600A63662 /* NOTES */,
				3B713CEB15A9F79600A63662 /* README */,
			);
			path = NOTES;
			sourceTree = "<group>";
		};
		3B713D1415A9F7D900A63662 /* libmad */ = {
			isa = PBXGroup;
			children = (
				3B713D1515A9F7D900A63662 /* bit.c */,
				3B713D1615A9F7D900A63662 /* bit.h */,
				3B713D1715A9F7D900A63662 /* D.dat */,
				3B713D1815A9F7D900A63662 /* decoder.c */,
				3B713D1915A9F7D900A63662 /* decoder.h */,
				3B713D1A15A9F7D900A63662 /* fixed.c */,
				3B713D1B15A9F7D900A63662 /* fixed.h */,
				3B713D1C15A9F7D900A63662 /* frame.c */,
				3B713D1D15A9F7D900A63662 /* frame.h */,
				3B713D1E15A9F7D900A63662 /* huffman.c */,
				3B713D1F15A9F7D900A63662 /* huffman.h */,
				3B713D2015A9F7D900A63662 /* imdct_s.dat */,
				3B713D2115A9F7D900A63662 /* layer12.c */,
				3B713D2215A9F7D900A63662 /* layer12.h */,
				3B713D2315A9F7D900A63662 /* layer3.c */,
				3B713D2415A9F7D900A63662 /* layer3.h */,
				3B713D2515A9F7D900A63662 /* libmad_config.h */,
				3B713D2615A9F7D900A63662 /* libmad_global.h */,
				3B713D2715A9F7D900A63662 /* mad.h */,
				3B713D2815A9F7D900A63662 /* music_mad.c */,
				3B713D2915A9F7D900A63662 /* music_mad.h */,
				3B713D2A15A9F7D900A63662 /* qc_table.dat */,
				3B713D2B15A9F7D900A63662 /* rq_table.dat */,
				3B713D2C15A9F7D900A63662 /* sf_table.dat */,
				3B713D2D15A9F7D900A63662 /* stream.c */,
				3B713D2E15A9F7D900A63662 /* stream.h */,
				3B713D2F15A9F7D900A63662 /* synth.c */,
				3B713D3015A9F7D900A63662 /* synth.h */,
				3B713D3115A9F7D900A63662 /* timer.c */,
				3B713D3215A9F7D900A63662 /* timer.h */,
			);
			name = libmad;
			path = ../../libmad;
			sourceTree = "<group>";
		};
		3B713D8715A9F80700A63662 /* Products */ = {
			isa = PBXGroup;
			children = (
				3B713D9115A9F80700A63662 /* libSDL.a */,
				3B713D9315A9F80700A63662 /* testsdl.app */,
			);
			name = Products;
			sourceTree = "<group>";
		};
		3B713D9F15A9FA1700A63662 /* Resources */ = {
			isa = PBXGroup;
			children = (
				3B713DA015A9FA7200A63662 /* 0.RPG */,
				3B713DA115A9FA7200A63662 /* 1.RPG */,
				3B713DA215A9FA7200A63662 /* 2.RPG */,
				3B713DA315A9FA7200A63662 /* 3.rpg */,
				3B713DA415A9FA7200A63662 /* 4.rpg */,
				3B713DA515A9FA7200A63662 /* 5.rpg */,
				3B713DA615A9FA7200A63662 /* ABC.MKF */,
				3B713DA715A9FA7200A63662 /* BALL.MKF */,
				3B713DA815A9FA7200A63662 /* DATA.MKF */,
				3B713DA915A9FA7200A63662 /* DownloadFinished.flag */,
				3B713DAA15A9FA7200A63662 /* F.MKF */,
				3B713DAB15A9FA7200A63662 /* FANTI.FON */,
				3B713DAC15A9FA7200A63662 /* FBP.MKF */,
				3B713DAD15A9FA7200A63662 /* FIRE.MKF */,
				3B713DAE15A9FA7200A63662 /* GOP.MKF */,
				3B713DAF15A9FA7200A63662 /* M.MSG */,
				3B713DB015A9FA7200A63662 /* MAP.MKF */,
				3B713DB115A9FA7200A63662 /* MGO.MKF */,
				3B713DB215A9FA7200A63662 /* MIDI.MKF */,
				3B713DB315A9FA7200A63662 /* MUS.MKF */,
				3B713DB415A9FA7200A63662 /* PAL.JS3 */,
				3B713DB515A9FA7200A63662 /* PAT.MKF */,
				3B713DB615A9FA7200A63662 /* RGM.MKF */,
				3B713DB715A9FA7200A63662 /* RNG.MKF */,
				3B713DB815A9FA7200A63662 /* SSS.MKF */,
				3B713DB915A9FA7200A63662 /* VOC.MKF */,
				3B713DBA15A9FA7200A63662 /* WOR16.ASC */,
				3B713DBB15A9FA7200A63662 /* WOR16.FON */,
				3B713DBC15A9FA7200A63662 /* WORD.DAT */,
			);
			name = Resources;
			sourceTree = "<group>";
		};
/* End PBXGroup section */

/* Begin PBXNativeTarget section */
		3B713CAE15A9F71200A63662 /* Pal_iOS */ = {
			isa = PBXNativeTarget;
			buildConfigurationList = 3B713CD015A9F71200A63662 /* Build configuration list for PBXNativeTarget "Pal_iOS" */;
			buildPhases = (
				3B713CAB15A9F71200A63662 /* Sources */,
				3B713CAC15A9F71200A63662 /* Frameworks */,
				3B713CAD15A9F71200A63662 /* Resources */,
			);
			buildRules = (
			);
			dependencies = (
				3B713D9515A9F81500A63662 /* PBXTargetDependency */,
			);
			name = Pal_iOS;
			productName = Pal_iOS;
			productReference = 3B713CAF15A9F71200A63662 /* Pal_iOS.app */;
			productType = "com.apple.product-type.application";
		};
/* End PBXNativeTarget section */

/* Begin PBXProject section */
		3B713CA615A9F71200A63662 /* Project object */ = {
			isa = PBXProject;
			attributes = {
				LastUpgradeCheck = 0430;
			};
			buildConfigurationList = 3B713CA915A9F71200A63662 /* Build configuration list for PBXProject "Pal_iOS" */;
			compatibilityVersion = "Xcode 3.2";
			developmentRegion = English;
			hasScannedForEncodings = 0;
			knownRegions = (
				en,
			);
			mainGroup = 3B713CA415A9F71200A63662;
			productRefGroup = 3B713CB015A9F71200A63662 /* Products */;
			projectDirPath = "";
			projectReferences = (
				{
					ProductGroup = 3B713D8715A9F80700A63662 /* Products */;
					ProjectRef = 3B713D8615A9F80700A63662 /* SDL.xcodeproj */;
				},
			);
			projectRoot = "";
			targets = (
				3B713CAE15A9F71200A63662 /* Pal_iOS */,
			);
		};
/* End PBXProject section */

/* Begin PBXReferenceProxy section */
		3B713D9115A9F80700A63662 /* libSDL.a */ = {
			isa = PBXReferenceProxy;
			fileType = archive.ar;
			path = libSDL.a;
			remoteRef = 3B713D9015A9F80700A63662 /* PBXContainerItemProxy */;
			sourceTree = BUILT_PRODUCTS_DIR;
		};
		3B713D9315A9F80700A63662 /* testsdl.app */ = {
			isa = PBXReferenceProxy;
			fileType = wrapper.application;
			path = testsdl.app;
			remoteRef = 3B713D9215A9F80700A63662 /* PBXContainerItemProxy */;
			sourceTree = BUILT_PRODUCTS_DIR;
		};
/* End PBXReferenceProxy section */

/* Begin PBXResourcesBuildPhase section */
		3B713CAD15A9F71200A63662 /* Resources */ = {
			isa = PBXResourcesBuildPhase;
			buildActionMask = 2147483647;
			files = (
				3B713CBE15A9F71200A63662 /* InfoPlist.strings in Resources */,
				3B713CF915A9F79600A63662 /* AUTHORS in Resources */,
				3B713CFA15A9F79600A63662 /* COPYING in Resources */,
				3B713CFB15A9F79600A63662 /* NOTES in Resources */,
				3B713CFC15A9F79600A63662 /* README in Resources */,
				3B713D6315A9F7D900A63662 /* D.dat in Resources */,
				3B713D6815A9F7D900A63662 /* imdct_s.dat in Resources */,
				3B713D6C15A9F7D900A63662 /* qc_table.dat in Resources */,
				3B713D6D15A9F7D900A63662 /* rq_table.dat in Resources */,
				3B713D6E15A9F7D900A63662 /* sf_table.dat in Resources */,
				3B713DBD15A9FA7200A63662 /* 0.RPG in Resources */,
				3B713DBE15A9FA7200A63662 /* 1.RPG in Resources */,
				3B713DBF15A9FA7200A63662 /* 2.RPG in Resources */,
				3B713DC015A9FA7200A63662 /* 3.rpg in Resources */,
				3B713DC115A9FA7200A63662 /* 4.rpg in Resources */,
				3B713DC215A9FA7200A63662 /* 5.rpg in Resources */,
				3B713DC315A9FA7200A63662 /* ABC.MKF in Resources */,
				3B713DC415A9FA7200A63662 /* BALL.MKF in Resources */,
				3B713DC515A9FA7200A63662 /* DATA.MKF in Resources */,
				3B713DC615A9FA7200A63662 /* DownloadFinished.flag in Resources */,
				3B713DC715A9FA7200A63662 /* F.MKF in Resources */,
				3B713DC815A9FA7200A63662 /* FANTI.FON in Resources */,
				3B713DC915A9FA7200A63662 /* FBP.MKF in Resources */,
				3B713DCA15A9FA7200A63662 /* FIRE.MKF in Resources */,
				3B713DCB15A9FA7200A63662 /* GOP.MKF in Resources */,
				3B713DCC15A9FA7200A63662 /* M.MSG in Resources */,
				3B713DCD15A9FA7200A63662 /* MAP.MKF in Resources */,
				3B713DCE15A9FA7200A63662 /* MGO.MKF in Resources */,
				3B713DCF15A9FA7200A63662 /* MIDI.MKF in Resources */,
				3B713DD015A9FA7200A63662 /* MUS.MKF in Resources */,
				3B713DD115A9FA7200A63662 /* PAL.JS3 in Resources */,
				3B713DD215A9FA7200A63662 /* PAT.MKF in Resources */,
				3B713DD315A9FA7200A63662 /* RGM.MKF in Resources */,
				3B713DD415A9FA7200A63662 /* RNG.MKF in Resources */,
				3B713DD515A9FA7200A63662 /* SSS.MKF in Resources */,
				3B713DD615A9FA7200A63662 /* VOC.MKF in Resources */,
				3B713DD715A9FA7200A63662 /* WOR16.ASC in Resources */,
				3B713DD815A9FA7200A63662 /* WOR16.FON in Resources */,
				3B713DD915A9FA7200A63662 /* WORD.DAT in Resources */,
			);
			runOnlyForDeploymentPostprocessing = 0;
		};
/* End PBXResourcesBuildPhase section */

/* Begin PBXSourcesBuildPhase section */
		3B713CAB15A9F71200A63662 /* Sources */ = {
			isa = PBXSourcesBuildPhase;
			buildActionMask = 2147483647;
			files = (
				3B713CF315A9F79600A63662 /* binfile.cpp in Sources */,
				3B713CF415A9F79600A63662 /* binio.cpp in Sources */,
				3B713CF515A9F79600A63662 /* dosbox_opl.cpp in Sources */,
				3B713CF615A9F79600A63662 /* emuopl.cpp in Sources */,
				3B713CF715A9F79600A63662 /* fmopl.c in Sources */,
				3B713CF815A9F79600A63662 /* fprovide.cpp in Sources */,
				3B713CFD15A9F79600A63662 /* player.cpp in Sources */,
				3B713CFE15A9F79600A63662 /* rix.cpp in Sources */,
				3B713CFF15A9F79600A63662 /* surroundopl.cpp in Sources */,
				3B713D5915A9F7D900A63662 /* battle.c in Sources */,
				3B713D5A15A9F7D900A63662 /* ending.c in Sources */,
				3B713D5B15A9F7D900A63662 /* fight.c in Sources */,
				3B713D5C15A9F7D900A63662 /* font.c in Sources */,
				3B713D5D15A9F7D900A63662 /* game.c in Sources */,
				3B713D5E15A9F7D900A63662 /* getopt.c in Sources */,
				3B713D5F15A9F7D900A63662 /* global.c in Sources */,
				3B713D6015A9F7D900A63662 /* input.c in Sources */,
				3B713D6115A9F7D900A63662 /* itemmenu.c in Sources */,
				3B713D6215A9F7D900A63662 /* bit.c in Sources */,
				3B713D6415A9F7D900A63662 /* decoder.c in Sources */,
				3B713D6515A9F7D900A63662 /* fixed.c in Sources */,
				3B713D6615A9F7D900A63662 /* frame.c in Sources */,
				3B713D6715A9F7D900A63662 /* huffman.c in Sources */,
				3B713D6915A9F7D900A63662 /* layer12.c in Sources */,
				3B713D6A15A9F7D900A63662 /* layer3.c in Sources */,
				3B713D6B15A9F7D900A63662 /* music_mad.c in Sources */,
				3B713D6F15A9F7D900A63662 /* stream.c in Sources */,
				3B713D7015A9F7D900A63662 /* synth.c in Sources */,
				3B713D7115A9F7D900A63662 /* timer.c in Sources */,
				3B713D7215A9F7D900A63662 /* magicmenu.c in Sources */,
				3B713D7315A9F7D900A63662 /* main.c in Sources */,
				3B713D7415A9F7D900A63662 /* map.c in Sources */,
				3B713D7515A9F7D900A63662 /* palcommon.c in Sources */,
				3B713D7615A9F7D900A63662 /* palette.c in Sources */,
				3B713D7715A9F7D900A63662 /* play.c in Sources */,
				3B713D7815A9F7D900A63662 /* private.c in Sources */,
				3B713D7915A9F7D900A63662 /* res.c in Sources */,
				3B713D7A15A9F7D900A63662 /* rixplay.cpp in Sources */,
				3B713D7B15A9F7D900A63662 /* rngplay.c in Sources */,
				3B713D7C15A9F7D900A63662 /* scene.c in Sources */,
				3B713D7D15A9F7D900A63662 /* script.c in Sources */,
				3B713D7E15A9F7D900A63662 /* sound.c in Sources */,
				3B713D7F15A9F7D900A63662 /* text.c in Sources */,
				3B713D8015A9F7D900A63662 /* ui.c in Sources */,
				3B713D8115A9F7D900A63662 /* uibattle.c in Sources */,
				3B713D8215A9F7D900A63662 /* uigame.c in Sources */,
				3B713D8315A9F7D900A63662 /* util.c in Sources */,
				3B713D8415A9F7D900A63662 /* video.c in Sources */,
				3B713D8515A9F7D900A63662 /* yj1.c in Sources */,
				3B3C905015AE00E900976B55 /* AppDelegate.m in Sources */,
				3B3C905115AE00E900976B55 /* ViewController.m in Sources */,
				3B3C905815AE04A900976B55 /* main.m in Sources */,
				3B3C908615AE0BE200976B55 /* EAGLView.m in Sources */,
			);
			runOnlyForDeploymentPostprocessing = 0;
		};
/* End PBXSourcesBuildPhase section */

/* Begin PBXTargetDependency section */
		3B713D9515A9F81500A63662 /* PBXTargetDependency */ = {
			isa = PBXTargetDependency;
			name = libSDL;
			targetProxy = 3B713D9415A9F81500A63662 /* PBXContainerItemProxy */;
		};
/* End PBXTargetDependency section */

/* Begin PBXVariantGroup section */
		3B713CBC15A9F71200A63662 /* InfoPlist.strings */ = {
			isa = PBXVariantGroup;
			children = (
				3B713CBD15A9F71200A63662 /* en */,
			);
			name = InfoPlist.strings;
			sourceTree = "<group>";
		};
/* End PBXVariantGroup section */

/* Begin XCBuildConfiguration section */
		3B713CCE15A9F71200A63662 /* Debug */ = {
			isa = XCBuildConfiguration;
			buildSettings = {
				ALWAYS_SEARCH_USER_PATHS = NO;
				ARCHS = "$(ARCHS_STANDARD_32_BIT)";
				CLANG_ENABLE_OBJC_ARC = YES;
				"CODE_SIGN_IDENTITY[sdk=iphoneos*]" = "iPhone Developer";
				COPY_PHASE_STRIP = NO;
				GCC_C_LANGUAGE_STANDARD = gnu99;
				GCC_DYNAMIC_NO_PIC = NO;
				GCC_OPTIMIZATION_LEVEL = 0;
				GCC_PREPROCESSOR_DEFINITIONS = (
					"DEBUG=1",
					"$(inherited)",
				);
				GCC_SYMBOLS_PRIVATE_EXTERN = NO;
				GCC_VERSION = com.apple.compilers.llvm.clang.1_0;
				GCC_WARN_ABOUT_RETURN_TYPE = YES;
				GCC_WARN_UNINITIALIZED_AUTOS = YES;
				GCC_WARN_UNUSED_VARIABLE = YES;
				IPHONEOS_DEPLOYMENT_TARGET = 5.1;
				SDKROOT = iphoneos;
				TARGETED_DEVICE_FAMILY = "1,2";
			};
			name = Debug;
		};
		3B713CCF15A9F71200A63662 /* Release */ = {
			isa = XCBuildConfiguration;
			buildSettings = {
				ALWAYS_SEARCH_USER_PATHS = NO;
				ARCHS = "$(ARCHS_STANDARD_32_BIT)";
				CLANG_ENABLE_OBJC_ARC = YES;
				"CODE_SIGN_IDENTITY[sdk=iphoneos*]" = "iPhone Developer";
				COPY_PHASE_STRIP = YES;
				GCC_C_LANGUAGE_STANDARD = gnu99;
				GCC_VERSION = com.apple.compilers.llvm.clang.1_0;
				GCC_WARN_ABOUT_RETURN_TYPE = YES;
				GCC_WARN_UNINITIALIZED_AUTOS = YES;
				GCC_WARN_UNUSED_VARIABLE = YES;
				IPHONEOS_DEPLOYMENT_TARGET = 5.1;
				OTHER_CFLAGS = "-DNS_BLOCK_ASSERTIONS=1";
				SDKROOT = iphoneos;
				TARGETED_DEVICE_FAMILY = "1,2";
				VALIDATE_PRODUCT = YES;
			};
			name = Release;
		};
		3B713CD115A9F71200A63662 /* Debug */ = {
			isa = XCBuildConfiguration;
			buildSettings = {
				GCC_PRECOMPILE_PREFIX_HEADER = YES;
				GCC_PREFIX_HEADER = "Pal_iOS/Pal_iOS-Prefix.pch";
				HEADER_SEARCH_PATHS = ../../sdl/include;
				INFOPLIST_FILE = "Pal_iOS/Pal_iOS-Info.plist";
				PRODUCT_NAME = "$(TARGET_NAME)";
				WRAPPER_EXTENSION = app;
			};
			name = Debug;
		};
		3B713CD215A9F71200A63662 /* Release */ = {
			isa = XCBuildConfiguration;
			buildSettings = {
				GCC_PRECOMPILE_PREFIX_HEADER = YES;
				GCC_PREFIX_HEADER = "Pal_iOS/Pal_iOS-Prefix.pch";
				HEADER_SEARCH_PATHS = ../../sdl/include;
				INFOPLIST_FILE = "Pal_iOS/Pal_iOS-Info.plist";
				PRODUCT_NAME = "$(TARGET_NAME)";
				WRAPPER_EXTENSION = app;
			};
			name = Release;
		};
/* End XCBuildConfiguration section */

/* Begin XCConfigurationList section */
		3B713CA915A9F71200A63662 /* Build configuration list for PBXProject "Pal_iOS" */ = {
			isa = XCConfigurationList;
			buildConfigurations = (
				3B713CCE15A9F71200A63662 /* Debug */,
				3B713CCF15A9F71200A63662 /* Release */,
			);
			defaultConfigurationIsVisible = 0;
			defaultConfigurationName = Release;
		};
		3B713CD015A9F71200A63662 /* Build configuration list for PBXNativeTarget "Pal_iOS" */ = {
			isa = XCConfigurationList;
			buildConfigurations = (
				3B713CD115A9F71200A63662 /* Debug */,
				3B713CD215A9F71200A63662 /* Release */,
			);
			defaultConfigurationIsVisible = 0;
			defaultConfigurationName = Release;
		};
/* End XCConfigurationList section */
	};
	rootObject = 3B713CA615A9F71200A63662 /* Project object */;
}
